
Microsoft Visual Studio Solution File, Format Version 12.00
# Visual Studio Version 17
VisualStudioVersion = 17.9.34616.47
MinimumVisualStudioVersion = 10.0.40219.1
Project("{9A19103F-16F7-4668-BE54-9A1E7A4F7556}") = "Empresaa.Server", "Server\Empresaa.Server.csproj", "{89E81D44-273F-4394-A9D2-24E4CEBE0BD8}"
EndProject
Project("{9A19103F-16F7-4668-BE54-9A1E7A4F7556}") = "Empresaa.Client", "Client\Empresaa.Client.csproj", "{6A74E7D5-ED81-46DC-A948-F4966E41DF19}"
EndProject
Project("{9A19103F-16F7-4668-BE54-9A1E7A4F7556}") = "Empresaa.Shared", "Shared\Empresaa.Shared.csproj", "{6DD98859-24B9-4C2A-9708-CAFEEF657C95}"
EndProject
Global
	GlobalSection(SolutionConfigurationPlatforms) = preSolution
		Debug|Any CPU = Debug|Any CPU
		Release|Any CPU = Release|Any CPU
	EndGlobalSection
	GlobalSection(ProjectConfigurationPlatforms) = postSolution
		{89E81D44-273F-4394-A9D2-24E4CEBE0BD8}.Debug|Any CPU.ActiveCfg = Debug|Any CPU
		{89E81D44-273F-4394-A9D2-24E4CEBE0BD8}.Debug|Any CPU.Build.0 = Debug|Any CPU
		{89E81D44-273F-4394-A9D2-24E4CEBE0BD8}.Release|Any CPU.ActiveCfg = Release|Any CPU
		{89E81D44-273F-4394-A9D2-24E4CEBE0BD8}.Release|Any CPU.Build.0 = Release|Any CPU
		{6A74E7D5-ED81-46DC-A948-F4966E41DF19}.Debug|Any CPU.ActiveCfg = Debug|Any CPU
		{6A74E7D5-ED81-46DC-A948-F4966E41DF19}.Debug|Any CPU.Build.0 = Debug|Any CPU
		{6A74E7D5-ED81-46DC-A948-F4966E41DF19}.Release|Any CPU.ActiveCfg = Release|Any CPU
		{6A74E7D5-ED81-46DC-A948-F4966E41DF19}.Release|Any CPU.Build.0 = Release|Any CPU
		{6DD98859-24B9-4C2A-9708-CAFEEF657C95}.Debug|Any CPU.ActiveCfg = Debug|Any CPU
		{6DD98859-24B9-4C2A-9708-CAFEEF657C95}.Debug|Any CPU.Build.0 = Debug|Any CPU
		{6DD98859-24B9-4C2A-9708-CAFEEF657C95}.Release|Any CPU.ActiveCfg = Release|Any CPU
		{6DD98859-24B9-4C2A-9708-CAFEEF657C95}.Release|Any CPU.Build.0 = Release|Any CPU
	EndGlobalSection
	GlobalSection(SolutionProperties) = preSolution
		HideSolutionNode = FALSE
	EndGlobalSection
	GlobalSection(ExtensibilityGlobals) = postSolution
		SolutionGuid = {343D0E18-452B-4A2E-83CB-802BE6CCA28E}
	EndGlobalSection
EndGlobal
